
Microsoft Visual Studio Solution File, Format Version 12.00
# Visual Studio 15
VisualStudioVersion = 15.0.28307.421
MinimumVisualStudioVersion = 10.0.40219.1
Project("{FAE04EC0-301F-11D3-BF4B-00C04F79EFBC}") = "WebMarket.WebUI", "WebMarket.WebUI\WebMarket.WebUI.csproj", "{6BA8F0DD-2613-40C2-9911-FC9D2FED1DAF}"
EndProject
Project("{FAE04EC0-301F-11D3-BF4B-00C04F79EFBC}") = "WebMarket.Data", "WebMarket.Data\WebMarket.Data.csproj", "{4FAAB287-D979-4E1D-B013-3B70F364912C}"
EndProject
Project("{FAE04EC0-301F-11D3-BF4B-00C04F79EFBC}") = "WebMarket.Models", "WebMarket.Models\WebMarket.Models.csproj", "{31F63E64-2C3A-4DAE-886F-4937F12B1B90}"
EndProject
Project("{FAE04EC0-301F-11D3-BF4B-00C04F79EFBC}") = "WebMarket.Services", "WebMarket.Services\WebMarket.Services.csproj", "{97AD9471-BAAF-4AB6-9F01-27D6058E442D}"
EndProject
Project("{FAE04EC0-301F-11D3-BF4B-00C04F79EFBC}") = "WebMarket.NUnitTest", "WebMarket.NUnitTest\WebMarket.NUnitTest.csproj", "{FE778110-8493-48B1-AC01-651D012F9D7C}"
EndProject
Global
	GlobalSection(SolutionConfigurationPlatforms) = preSolution
		Debug|Any CPU = Debug|Any CPU
		Release|Any CPU = Release|Any CPU
	EndGlobalSection
	GlobalSection(ProjectConfigurationPlatforms) = postSolution
		{6BA8F0DD-2613-40C2-9911-FC9D2FED1DAF}.Debug|Any CPU.ActiveCfg = Debug|Any CPU
		{6BA8F0DD-2613-40C2-9911-FC9D2FED1DAF}.Debug|Any CPU.Build.0 = Debug|Any CPU
		{6BA8F0DD-2613-40C2-9911-FC9D2FED1DAF}.Release|Any CPU.ActiveCfg = Release|Any CPU
		{6BA8F0DD-2613-40C2-9911-FC9D2FED1DAF}.Release|Any CPU.Build.0 = Release|Any CPU
		{4FAAB287-D979-4E1D-B013-3B70F364912C}.Debug|Any CPU.ActiveCfg = Debug|Any CPU
		{4FAAB287-D979-4E1D-B013-3B70F364912C}.Debug|Any CPU.Build.0 = Debug|Any CPU
		{4FAAB287-D979-4E1D-B013-3B70F364912C}.Release|Any CPU.ActiveCfg = Release|Any CPU
		{4FAAB287-D979-4E1D-B013-3B70F364912C}.Release|Any CPU.Build.0 = Release|Any CPU
		{31F63E64-2C3A-4DAE-886F-4937F12B1B90}.Debug|Any CPU.ActiveCfg = Debug|Any CPU
		{31F63E64-2C3A-4DAE-886F-4937F12B1B90}.Debug|Any CPU.Build.0 = Debug|Any CPU
		{31F63E64-2C3A-4DAE-886F-4937F12B1B90}.Release|Any CPU.ActiveCfg = Release|Any CPU
		{31F63E64-2C3A-4DAE-886F-4937F12B1B90}.Release|Any CPU.Build.0 = Release|Any CPU
		{97AD9471-BAAF-4AB6-9F01-27D6058E442D}.Debug|Any CPU.ActiveCfg = Debug|Any CPU
		{97AD9471-BAAF-4AB6-9F01-27D6058E442D}.Debug|Any CPU.Build.0 = Debug|Any CPU
		{97AD9471-BAAF-4AB6-9F01-27D6058E442D}.Release|Any CPU.ActiveCfg = Release|Any CPU
		{97AD9471-BAAF-4AB6-9F01-27D6058E442D}.Release|Any CPU.Build.0 = Release|Any CPU
		{FE778110-8493-48B1-AC01-651D012F9D7C}.Debug|Any CPU.ActiveCfg = Debug|Any CPU
		{FE778110-8493-48B1-AC01-651D012F9D7C}.Debug|Any CPU.Build.0 = Debug|Any CPU
		{FE778110-8493-48B1-AC01-651D012F9D7C}.Release|Any CPU.ActiveCfg = Release|Any CPU
		{FE778110-8493-48B1-AC01-651D012F9D7C}.Release|Any CPU.Build.0 = Release|Any CPU
	EndGlobalSection
	GlobalSection(SolutionProperties) = preSolution
		HideSolutionNode = FALSE
	EndGlobalSection
	GlobalSection(ExtensibilityGlobals) = postSolution
		SolutionGuid = {1758FAB3-9AB2-469C-B84E-C2C65DB3AE18}
	EndGlobalSection
EndGlobal
